// !$*UTF8*$!
{
	archiveVersion = 1;
	classes = {
	};
	objectVersion = 56;
	objects = {

/* Begin PBXBuildFile section */
		D124BED82A21158200875405 /* AppDelegate.swift in Sources */ = {isa = PBXBuildFile; fileRef = D124BED72A21158200875405 /* AppDelegate.swift */; };
		D124BEDC2A21158200875405 /* MainViewController.swift in Sources */ = {isa = PBXBuildFile; fileRef = D124BEDB2A21158200875405 /* MainViewController.swift */; };
		D124BEDF2A21158200875405 /* Main.storyboard in Resources */ = {isa = PBXBuildFile; fileRef = D124BEDD2A21158200875405 /* Main.storyboard */; };
		D124BEE12A21158800875405 /* Assets.xcassets in Resources */ = {isa = PBXBuildFile; fileRef = D124BEE02A21158800875405 /* Assets.xcassets */; };
		D124BEE42A21158800875405 /* LaunchScreen.storyboard in Resources */ = {isa = PBXBuildFile; fileRef = D124BEE22A21158800875405 /* LaunchScreen.storyboard */; };
		D14DE5E32A24AE4400E19CC3 /* MainViewController+extensions.swift in Sources */ = {isa = PBXBuildFile; fileRef = D14DE5E22A24AE4400E19CC3 /* MainViewController+extensions.swift */; };
		D1B2DC712A24FDF700C0C286 /* Manager.swift in Sources */ = {isa = PBXBuildFile; fileRef = D1B2DC702A24FDF700C0C286 /* Manager.swift */; };
/* End PBXBuildFile section */

/* Begin PBXFileReference section */
		D124BED42A21158200875405 /* The Dictaphone.app */ = {isa = PBXFileReference; explicitFileType = wrapper.application; includeInIndex = 0; path = "The Dictaphone.app"; sourceTree = BUILT_PRODUCTS_DIR; };
		D124BED72A21158200875405 /* AppDelegate.swift */ = {isa = PBXFileReference; lastKnownFileType = sourcecode.swift; path = AppDelegate.swift; sourceTree = "<group>"; };
		D124BEDB2A21158200875405 /* MainViewController.swift */ = {isa = PBXFileReference; lastKnownFileType = sourcecode.swift; path = MainViewController.swift; sourceTree = "<group>"; };
		D124BEDE2A21158200875405 /* Base */ = {isa = PBXFileReference; lastKnownFileType = file.storyboard; name = Base; path = Base.lproj/Main.storyboard; sourceTree = "<group>"; };
		D124BEE02A21158800875405 /* Assets.xcassets */ = {isa = PBXFileReference; lastKnownFileType = folder.assetcatalog; path = Assets.xcassets; sourceTree = "<group>"; };
		D124BEE32A21158800875405 /* Base */ = {isa = PBXFileReference; lastKnownFileType = file.storyboard; name = Base; path = Base.lproj/LaunchScreen.storyboard; sourceTree = "<group>"; };
		D124BEE52A21158800875405 /* Info.plist */ = {isa = PBXFileReference; lastKnownFileType = text.plist.xml; path = Info.plist; sourceTree = "<group>"; };
		D14DE5E22A24AE4400E19CC3 /* MainViewController+extensions.swift */ = {isa = PBXFileReference; lastKnownFileType = sourcecode.swift; path = "MainViewController+extensions.swift"; sourceTree = "<group>"; };
		D1B2DC702A24FDF700C0C286 /* Manager.swift */ = {isa = PBXFileReference; lastKnownFileType = sourcecode.swift; path = Manager.swift; sourceTree = "<group>"; };
/* End PBXFileReference section */

/* Begin PBXFrameworksBuildPhase section */
		D124BED12A21158200875405 /* Frameworks */ = {
			isa = PBXFrameworksBuildPhase;
			buildActionMask = 2147483647;
			files = (
			);
			runOnlyForDeploymentPostprocessing = 0;
		};
/* End PBXFrameworksBuildPhase section */

/* Begin PBXGroup section */
		D12153F12A9B5EE30075AF97 /* Application */ = {
			isa = PBXGroup;
			children = (
				D1B2DC752A252F9500C0C286 /* Model */,
				D1B2DC732A251C8F00C0C286 /* View */,
				D124BEEB2A2115CE00875405 /* Controller */,
			);
			path = Application;
			sourceTree = "<group>";
		};
		D124BECB2A21158200875405 = {
			isa = PBXGroup;
			children = (
				D124BED62A21158200875405 /* The Dictaphone */,
				D124BED52A21158200875405 /* Products */,
			);
			sourceTree = "<group>";
		};
		D124BED52A21158200875405 /* Products */ = {
			isa = PBXGroup;
			children = (
				D124BED42A21158200875405 /* The Dictaphone.app */,
			);
			name = Products;
			sourceTree = "<group>";
		};
		D124BED62A21158200875405 /* The Dictaphone */ = {
			isa = PBXGroup;
			children = (
				D12153F12A9B5EE30075AF97 /* Application */,
				D14DE5E12A24AE2500E19CC3 /* Extensions */,
				D1B2DC742A251CE100C0C286 /* Supporting files */,
			);
			path = "The Dictaphone";
			sourceTree = "<group>";
		};
		D124BEEB2A2115CE00875405 /* Controller */ = {
			isa = PBXGroup;
			children = (
				D124BEDB2A21158200875405 /* MainViewController.swift */,
			);
			path = Controller;
			sourceTree = "<group>";
		};
		D14DE5E12A24AE2500E19CC3 /* Extensions */ = {
			isa = PBXGroup;
			children = (
				D14DE5E22A24AE4400E19CC3 /* MainViewController+extensions.swift */,
			);
			path = Extensions;
			sourceTree = "<group>";
		};
		D1B2DC732A251C8F00C0C286 /* View */ = {
			isa = PBXGroup;
			children = (
				D124BEDD2A21158200875405 /* Main.storyboard */,
				D124BEE22A21158800875405 /* LaunchScreen.storyboard */,
			);
			path = View;
			sourceTree = "<group>";
		};
		D1B2DC742A251CE100C0C286 /* Supporting files */ = {
			isa = PBXGroup;
			children = (
				D124BED72A21158200875405 /* AppDelegate.swift */,
				D124BEE02A21158800875405 /* Assets.xcassets */,
				D124BEE52A21158800875405 /* Info.plist */,
			);
			path = "Supporting files";
			sourceTree = "<group>";
		};
		D1B2DC752A252F9500C0C286 /* Model */ = {
			isa = PBXGroup;
			children = (
				D1B2DC702A24FDF700C0C286 /* Manager.swift */,
			);
			path = Model;
			sourceTree = "<group>";
		};
/* End PBXGroup section */

/* Begin PBXNativeTarget section */
		D124BED32A21158200875405 /* The Dictaphone */ = {
			isa = PBXNativeTarget;
			buildConfigurationList = D124BEE82A21158800875405 /* Build configuration list for PBXNativeTarget "The Dictaphone" */;
			buildPhases = (
				D124BED02A21158200875405 /* Sources */,
				D124BED12A21158200875405 /* Frameworks */,
				D124BED22A21158200875405 /* Resources */,
			);
			buildRules = (
			);
			dependencies = (
			);
			name = "The Dictaphone";
			productName = "The Dictaphone";
			productReference = D124BED42A21158200875405 /* The Dictaphone.app */;
			productType = "com.apple.product-type.application";
		};
/* End PBXNativeTarget section */

/* Begin PBXProject section */
		D124BECC2A21158200875405 /* Project object */ = {
			isa = PBXProject;
			attributes = {
				BuildIndependentTargetsInParallel = 1;
				LastSwiftUpdateCheck = 1420;
				LastUpgradeCheck = 1420;
				TargetAttributes = {
					D124BED32A21158200875405 = {
						CreatedOnToolsVersion = 14.2;
					};
				};
			};
			buildConfigurationList = D124BECF2A21158200875405 /* Build configuration list for PBXProject "The Dictaphone" */;
			compatibilityVersion = "Xcode 14.0";
			developmentRegion = en;
			hasScannedForEncodings = 0;
			knownRegions = (
				en,
				Base,
			);
			mainGroup = D124BECB2A21158200875405;
			productRefGroup = D124BED52A21158200875405 /* Products */;
			projectDirPath = "";
			projectRoot = "";
			targets = (
				D124BED32A21158200875405 /* The Dictaphone */,
			);
		};
/* End PBXProject section */

/* Begin PBXResourcesBuildPhase section */
		D124BED22A21158200875405 /* Resources */ = {
			isa = PBXResourcesBuildPhase;
			buildActionMask = 2147483647;
			files = (
				D124BEE42A21158800875405 /* LaunchScreen.storyboard in Resources */,
				D124BEE12A21158800875405 /* Assets.xcassets in Resources */,
				D124BEDF2A21158200875405 /* Main.storyboard in Resources */,
			);
			runOnlyForDeploymentPostprocessing = 0;
		};
/* End PBXResourcesBuildPhase section */

/* Begin PBXSourcesBuildPhase section */
		D124BED02A21158200875405 /* Sources */ = {
			isa = PBXSourcesBuildPhase;
			buildActionMask = 2147483647;
			files = (
				D14DE5E32A24AE4400E19CC3 /* MainViewController+extensions.swift in Sources */,
				D124BEDC2A21158200875405 /* MainViewController.swift in Sources */,
				D124BED82A21158200875405 /* AppDelegate.swift in Sources */,
				D1B2DC712A24FDF700C0C286 /* Manager.swift in Sources */,
			);
			runOnlyForDeploymentPostprocessing = 0;
		};
/* End PBXSourcesBuildPhase section */

/* Begin PBXVariantGroup section */
		D124BEDD2A21158200875405 /* Main.storyboard */ = {
			isa = PBXVariantGroup;
			children = (
				D124BEDE2A21158200875405 /* Base */,
			);
			name = Main.storyboard;
			sourceTree = "<group>";
		};
		D124BEE22A21158800875405 /* LaunchScreen.storyboard */ = {
			isa = PBXVariantGroup;
			children = (
				D124BEE32A21158800875405 /* Base */,
			);
			name = LaunchScreen.storyboard;
			sourceTree = "<group>";
		};
/* End PBXVariantGroup section */

/* Begin XCBuildConfiguration section */
		D124BEE62A21158800875405 /* Debug */ = {
			isa = XCBuildConfiguration;
			buildSettings = {
				ALWAYS_SEARCH_USER_PATHS = NO;
				CLANG_ANALYZER_NONNULL = YES;
				CLANG_ANALYZER_NUMBER_OBJECT_CONVERSION = YES_AGGRESSIVE;
				CLANG_CXX_LANGUAGE_STANDARD = "gnu++20";
				CLANG_ENABLE_MODULES = YES;
				CLANG_ENABLE_OBJC_ARC = YES;
				CLANG_ENABLE_OBJC_WEAK = YES;
				CLANG_WARN_BLOCK_CAPTURE_AUTORELEASING = YES;
				CLANG_WARN_BOOL_CONVERSION = YES;
				CLANG_WARN_COMMA = YES;
				CLANG_WARN_CONSTANT_CONVERSION = YES;
				CLANG_WARN_DEPRECATED_OBJC_IMPLEMENTATIONS = YES;
				CLANG_WARN_DIRECT_OBJC_ISA_USAGE = YES_ERROR;
				CLANG_WARN_DOCUMENTATION_COMMENTS = YES;
				CLANG_WARN_EMPTY_BODY = YES;
				CLANG_WARN_ENUM_CONVERSION = YES;
				CLANG_WARN_INFINITE_RECURSION = YES;
				CLANG_WARN_INT_CONVERSION = YES;
				CLANG_WARN_NON_LITERAL_NULL_CONVERSION = YES;
				CLANG_WARN_OBJC_IMPLICIT_RETAIN_SELF = YES;
				CLANG_WARN_OBJC_LITERAL_CONVERSION = YES;
				CLANG_WARN_OBJC_ROOT_CLASS = YES_ERROR;
				CLANG_WARN_QUOTED_INCLUDE_IN_FRAMEWORK_HEADER = YES;
				CLANG_WARN_RANGE_LOOP_ANALYSIS = YES;
				CLANG_WARN_STRICT_PROTOTYPES = YES;
				CLANG_WARN_SUSPICIOUS_MOVE = YES;
				CLANG_WARN_UNGUARDED_AVAILABILITY = YES_AGGRESSIVE;
				CLANG_WARN_UNREACHABLE_CODE = YES;
				CLANG_WARN__DUPLICATE_METHOD_MATCH = YES;
				COPY_PHASE_STRIP = NO;
				DEBUG_INFORMATION_FORMAT = dwarf;
				ENABLE_STRICT_OBJC_MSGSEND = YES;
				ENABLE_TESTABILITY = YES;
				GCC_C_LANGUAGE_STANDARD = gnu11;
				GCC_DYNAMIC_NO_PIC = NO;
				GCC_NO_COMMON_BLOCKS = YES;
				GCC_OPTIMIZATION_LEVEL = 0;
				GCC_PREPROCESSOR_DEFINITIONS = (
					"DEBUG=1",
					"$(inherited)",
				);
				GCC_WARN_64_TO_32_BIT_CONVERSION = YES;
				GCC_WARN_ABOUT_RETURN_TYPE = YES_ERROR;
				GCC_WARN_UNDECLARED_SELECTOR = YES;
				GCC_WARN_UNINITIALIZED_AUTOS = YES_AGGRESSIVE;
				GCC_WARN_UNUSED_FUNCTION = YES;
				GCC_WARN_UNUSED_VARIABLE = YES;
				IPHONEOS_DEPLOYMENT_TARGET = 16.2;
				MTL_ENABLE_DEBUG_INFO = INCLUDE_SOURCE;
				MTL_FAST_MATH = YES;
				ONLY_ACTIVE_ARCH = YES;
				SDKROOT = iphoneos;
				SWIFT_ACTIVE_COMPILATION_CONDITIONS = DEBUG;
				SWIFT_OPTIMIZATION_LEVEL = "-Onone";
			};
			name = Debug;
		};
		D124BEE72A21158800875405 /* Release */ = {
			isa = XCBuildConfiguration;
			buildSettings = {
				ALWAYS_SEARCH_USER_PATHS = NO;
				CLANG_ANALYZER_NONNULL = YES;
				CLANG_ANALYZER_NUMBER_OBJECT_CONVERSION = YES_AGGRESSIVE;
				CLANG_CXX_LANGUAGE_STANDARD = "gnu++20";
				CLANG_ENABLE_MODULES = YES;
				CLANG_ENABLE_OBJC_ARC = YES;
				CLANG_ENABLE_OBJC_WEAK = YES;
				CLANG_WARN_BLOCK_CAPTURE_AUTORELEASING = YES;
				CLANG_WARN_BOOL_CONVERSION = YES;
				CLANG_WARN_COMMA = YES;
				CLANG_WARN_CONSTANT_CONVERSION = YES;
				CLANG_WARN_DEPRECATED_OBJC_IMPLEMENTATIONS = YES;
				CLANG_WARN_DIRECT_OBJC_ISA_USAGE = YES_ERROR;
				CLANG_WARN_DOCUMENTATION_COMMENTS = YES;
				CLANG_WARN_EMPTY_BODY = YES;
				CLANG_WARN_ENUM_CONVERSION = YES;
				CLANG_WARN_INFINITE_RECURSION = YES;
				CLANG_WARN_INT_CONVERSION = YES;
				CLANG_WARN_NON_LITERAL_NULL_CONVERSION = YES;
				CLANG_WARN_OBJC_IMPLICIT_RETAIN_SELF = YES;
				CLANG_WARN_OBJC_LITERAL_CONVERSION = YES;
				CLANG_WARN_OBJC_ROOT_CLASS = YES_ERROR;
				CLANG_WARN_QUOTED_INCLUDE_IN_FRAMEWORK_HEADER = YES;
				CLANG_WARN_RANGE_LOOP_ANALYSIS = YES;
				CLANG_WARN_STRICT_PROTOTYPES = YES;
				CLANG_WARN_SUSPICIOUS_MOVE = YES;
				CLANG_WARN_UNGUARDED_AVAILABILITY = YES_AGGRESSIVE;
				CLANG_WARN_UNREACHABLE_CODE = YES;
				CLANG_WARN__DUPLICATE_METHOD_MATCH = YES;
				COPY_PHASE_STRIP = NO;
				DEBUG_INFORMATION_FORMAT = "dwarf-with-dsym";
				ENABLE_NS_ASSERTIONS = NO;
				ENABLE_STRICT_OBJC_MSGSEND = YES;
				GCC_C_LANGUAGE_STANDARD = gnu11;
				GCC_NO_COMMON_BLOCKS = YES;
				GCC_WARN_64_TO_32_BIT_CONVERSION = YES;
				GCC_WARN_ABOUT_RETURN_TYPE = YES_ERROR;
				GCC_WARN_UNDECLARED_SELECTOR = YES;
				GCC_WARN_UNINITIALIZED_AUTOS = YES_AGGRESSIVE;
				GCC_WARN_UNUSED_FUNCTION = YES;
				GCC_WARN_UNUSED_VARIABLE = YES;
				IPHONEOS_DEPLOYMENT_TARGET = 16.2;
				MTL_ENABLE_DEBUG_INFO = NO;
				MTL_FAST_MATH = YES;
				SDKROOT = iphoneos;
				SWIFT_COMPILATION_MODE = wholemodule;
				SWIFT_OPTIMIZATION_LEVEL = "-O";
				VALIDATE_PRODUCT = YES;
			};
			name = Release;
		};
		D124BEE92A21158800875405 /* Debug */ = {
			isa = XCBuildConfiguration;
			buildSettings = {
				ASSETCATALOG_COMPILER_APPICON_NAME = AppIcon;
				ASSETCATALOG_COMPILER_GLOBAL_ACCENT_COLOR_NAME = AccentColor;
				CODE_SIGN_IDENTITY = "Apple Development";
				CODE_SIGN_STYLE = Automatic;
				CURRENT_PROJECT_VERSION = 1;
				DEVELOPMENT_TEAM = Z4A5Z3Q6BD;
				GENERATE_INFOPLIST_FILE = YES;
				INFOPLIST_FILE = "The Dictaphone/Supporting files/Info.plist";
				INFOPLIST_KEY_UIApplicationSupportsIndirectInputEvents = YES;
				INFOPLIST_KEY_UILaunchStoryboardName = LaunchScreen;
				INFOPLIST_KEY_UIMainStoryboardFile = Main;
				INFOPLIST_KEY_UISupportedInterfaceOrientations_iPad = "UIInterfaceOrientationPortrait UIInterfaceOrientationPortraitUpsideDown UIInterfaceOrientationLandscapeLeft UIInterfaceOrientationLandscapeRight";
				INFOPLIST_KEY_UISupportedInterfaceOrientations_iPhone = "UIInterfaceOrientationPortrait UIInterfaceOrientationLandscapeLeft UIInterfaceOrientationLandscapeRight";
				LD_RUNPATH_SEARCH_PATHS = (
					"$(inherited)",
					"@executable_path/Frameworks",
				);
				MARKETING_VERSION = 1.0;
				PRODUCT_BUNDLE_IDENTIFIER = "Aleksey-Kemezhuk.The-Dictaphone";
				PRODUCT_NAME = "$(TARGET_NAME)";
				PROVISIONING_PROFILE_SPECIFIER = "";
				SWIFT_EMIT_LOC_STRINGS = YES;
				SWIFT_VERSION = 5.0;
				TARGETED_DEVICE_FAMILY = "1,2";
			};
			name = Debug;
		};
		D124BEEA2A21158800875405 /* Release */ = {
			isa = XCBuildConfiguration;
			buildSettings = {
				ASSETCATALOG_COMPILER_APPICON_NAME = AppIcon;
				ASSETCATALOG_COMPILER_GLOBAL_ACCENT_COLOR_NAME = AccentColor;
				CODE_SIGN_IDENTITY = "Apple Development";
				CODE_SIGN_STYLE = Automatic;
				CURRENT_PROJECT_VERSION = 1;
				DEVELOPMENT_TEAM = Z4A5Z3Q6BD;
				GENERATE_INFOPLIST_FILE = YES;
				INFOPLIST_FILE = "The Dictaphone/Supporting files/Info.plist";
				INFOPLIST_KEY_UIApplicationSupportsIndirectInputEvents = YES;
				INFOPLIST_KEY_UILaunchStoryboardName = LaunchScreen;
				INFOPLIST_KEY_UIMainStoryboardFile = Main;
				INFOPLIST_KEY_UISupportedInterfaceOrientations_iPad = "UIInterfaceOrientationPortrait UIInterfaceOrientationPortraitUpsideDown UIInterfaceOrientationLandscapeLeft UIInterfaceOrientationLandscapeRight";
				INFOPLIST_KEY_UISupportedInterfaceOrientations_iPhone = "UIInterfaceOrientationPortrait UIInterfaceOrientationLandscapeLeft UIInterfaceOrientationLandscapeRight";
				LD_RUNPATH_SEARCH_PATHS = (
					"$(inherited)",
					"@executable_path/Frameworks",
				);
				MARKETING_VERSION = 1.0;
				PRODUCT_BUNDLE_IDENTIFIER = "Aleksey-Kemezhuk.The-Dictaphone";
				PRODUCT_NAME = "$(TARGET_NAME)";
				PROVISIONING_PROFILE_SPECIFIER = "";
				SWIFT_EMIT_LOC_STRINGS = YES;
				SWIFT_VERSION = 5.0;
				TARGETED_DEVICE_FAMILY = "1,2";
			};
			name = Release;
		};
/* End XCBuildConfiguration section */

/* Begin XCConfigurationList section */
		D124BECF2A21158200875405 /* Build configuration list for PBXProject "The Dictaphone" */ = {
			isa = XCConfigurationList;
			buildConfigurations = (
				D124BEE62A21158800875405 /* Debug */,
				D124BEE72A21158800875405 /* Release */,
			);
			defaultConfigurationIsVisible = 0;
			defaultConfigurationName = Release;
		};
		D124BEE82A21158800875405 /* Build configuration list for PBXNativeTarget "The Dictaphone" */ = {
			isa = XCConfigurationList;
			buildConfigurations = (
				D124BEE92A21158800875405 /* Debug */,
				D124BEEA2A21158800875405 /* Release */,
			);
			defaultConfigurationIsVisible = 0;
			defaultConfigurationName = Release;
		};
/* End XCConfigurationList section */
	};
	rootObject = D124BECC2A21158200875405 /* Project object */;
}
